// !$*UTF8*$!
{
	archiveVersion = 1;
	classes = {
	};
	objectVersion = 50;
	objects = {

/* Begin PBXBuildFile section */
		3F3A02F123EAEB1E00DB1CF4 /* dingwrong.wav in Resources */ = {isa = PBXBuildFile; fileRef = 3F3A02ED23EAEB1E00DB1CF4 /* dingwrong.wav */; };
		3F3A02F223EAEB1E00DB1CF4 /* shuffle.wav in Resources */ = {isa = PBXBuildFile; fileRef = 3F3A02EE23EAEB1E00DB1CF4 /* shuffle.wav */; };
		3F3A02F323EAEB1E00DB1CF4 /* dingcorrect.wav in Resources */ = {isa = PBXBuildFile; fileRef = 3F3A02EF23EAEB1E00DB1CF4 /* dingcorrect.wav */; };
		3F3A02F423EAEB1E00DB1CF4 /* cardflip.wav in Resources */ = {isa = PBXBuildFile; fileRef = 3F3A02F023EAEB1E00DB1CF4 /* cardflip.wav */; };
		3F3A02F723EAEB3400DB1CF4 /* AVFoundation.framework in Frameworks */ = {isa = PBXBuildFile; fileRef = 3F3A02F623EAEB3400DB1CF4 /* AVFoundation.framework */; };
		3F3A02F923EAEBB000DB1CF4 /* SoundManager.swift in Sources */ = {isa = PBXBuildFile; fileRef = 3F3A02F823EAEBB000DB1CF4 /* SoundManager.swift */; };
		3F4247DD23E9B73600358313 /* AppDelegate.swift in Sources */ = {isa = PBXBuildFile; fileRef = 3F4247DC23E9B73600358313 /* AppDelegate.swift */; };
		3F4247DF23E9B73600358313 /* SceneDelegate.swift in Sources */ = {isa = PBXBuildFile; fileRef = 3F4247DE23E9B73600358313 /* SceneDelegate.swift */; };
		3F4247E123E9B73600358313 /* ViewController.swift in Sources */ = {isa = PBXBuildFile; fileRef = 3F4247E023E9B73600358313 /* ViewController.swift */; };
		3F4247E423E9B73600358313 /* Main.storyboard in Resources */ = {isa = PBXBuildFile; fileRef = 3F4247E223E9B73600358313 /* Main.storyboard */; };
		3F4247E623E9B73700358313 /* Assets.xcassets in Resources */ = {isa = PBXBuildFile; fileRef = 3F4247E523E9B73700358313 /* Assets.xcassets */; };
		3F4247E923E9B73800358313 /* LaunchScreen.storyboard in Resources */ = {isa = PBXBuildFile; fileRef = 3F4247E723E9B73700358313 /* LaunchScreen.storyboard */; };
		3F4247F323E9B8B200358313 /* CardCollectionViewCell.swift in Sources */ = {isa = PBXBuildFile; fileRef = 3F4247F223E9B8B200358313 /* CardCollectionViewCell.swift */; };
		3F4247F523E9B92700358313 /* CardModel.swift in Sources */ = {isa = PBXBuildFile; fileRef = 3F4247F423E9B92700358313 /* CardModel.swift */; };
		3F4247F823E9B94300358313 /* Card.swift in Sources */ = {isa = PBXBuildFile; fileRef = 3F4247F723E9B94300358313 /* Card.swift */; };
/* End PBXBuildFile section */

/* Begin PBXFileReference section */
		3F3A02ED23EAEB1E00DB1CF4 /* dingwrong.wav */ = {isa = PBXFileReference; lastKnownFileType = audio.wav; path = dingwrong.wav; sourceTree = "<group>"; };
		3F3A02EE23EAEB1E00DB1CF4 /* shuffle.wav */ = {isa = PBXFileReference; lastKnownFileType = audio.wav; path = shuffle.wav; sourceTree = "<group>"; };
		3F3A02EF23EAEB1E00DB1CF4 /* dingcorrect.wav */ = {isa = PBXFileReference; lastKnownFileType = audio.wav; path = dingcorrect.wav; sourceTree = "<group>"; };
		3F3A02F023EAEB1E00DB1CF4 /* cardflip.wav */ = {isa = PBXFileReference; lastKnownFileType = audio.wav; path = cardflip.wav; sourceTree = "<group>"; };
		3F3A02F623EAEB3400DB1CF4 /* AVFoundation.framework */ = {isa = PBXFileReference; lastKnownFileType = wrapper.framework; name = AVFoundation.framework; path = System/Library/Frameworks/AVFoundation.framework; sourceTree = SDKROOT; };
		3F3A02F823EAEBB000DB1CF4 /* SoundManager.swift */ = {isa = PBXFileReference; lastKnownFileType = sourcecode.swift; path = SoundManager.swift; sourceTree = "<group>"; };
		3F4247D923E9B73600358313 /* GameFlipCard.app */ = {isa = PBXFileReference; explicitFileType = wrapper.application; includeInIndex = 0; path = GameFlipCard.app; sourceTree = BUILT_PRODUCTS_DIR; };
		3F4247DC23E9B73600358313 /* AppDelegate.swift */ = {isa = PBXFileReference; lastKnownFileType = sourcecode.swift; path = AppDelegate.swift; sourceTree = "<group>"; };
		3F4247DE23E9B73600358313 /* SceneDelegate.swift */ = {isa = PBXFileReference; lastKnownFileType = sourcecode.swift; path = SceneDelegate.swift; sourceTree = "<group>"; };
		3F4247E023E9B73600358313 /* ViewController.swift */ = {isa = PBXFileReference; lastKnownFileType = sourcecode.swift; path = ViewController.swift; sourceTree = "<group>"; };
		3F4247E323E9B73600358313 /* Base */ = {isa = PBXFileReference; lastKnownFileType = file.storyboard; name = Base; path = Base.lproj/Main.storyboard; sourceTree = "<group>"; };
		3F4247E523E9B73700358313 /* Assets.xcassets */ = {isa = PBXFileReference; lastKnownFileType = folder.assetcatalog; path = Assets.xcassets; sourceTree = "<group>"; };
		3F4247E823E9B73700358313 /* Base */ = {isa = PBXFileReference; lastKnownFileType = file.storyboard; name = Base; path = Base.lproj/LaunchScreen.storyboard; sourceTree = "<group>"; };
		3F4247EA23E9B73800358313 /* Info.plist */ = {isa = PBXFileReference; lastKnownFileType = text.plist.xml; path = Info.plist; sourceTree = "<group>"; };
		3F4247F223E9B8B200358313 /* CardCollectionViewCell.swift */ = {isa = PBXFileReference; lastKnownFileType = sourcecode.swift; path = CardCollectionViewCell.swift; sourceTree = "<group>"; };
		3F4247F423E9B92700358313 /* CardModel.swift */ = {isa = PBXFileReference; lastKnownFileType = sourcecode.swift; path = CardModel.swift; sourceTree = "<group>"; };
		3F4247F723E9B94300358313 /* Card.swift */ = {isa = PBXFileReference; lastKnownFileType = sourcecode.swift; path = Card.swift; sourceTree = "<group>"; };
/* End PBXFileReference section */

/* Begin PBXFrameworksBuildPhase section */
		3F4247D623E9B73600358313 /* Frameworks */ = {
			isa = PBXFrameworksBuildPhase;
			buildActionMask = 2147483647;
			files = (
				3F3A02F723EAEB3400DB1CF4 /* AVFoundation.framework in Frameworks */,
			);
			runOnlyForDeploymentPostprocessing = 0;
		};
/* End PBXFrameworksBuildPhase section */

/* Begin PBXGroup section */
		3F3A02EC23EAEB0800DB1CF4 /* Sounds */ = {
			isa = PBXGroup;
			children = (
				3F3A02F023EAEB1E00DB1CF4 /* cardflip.wav */,
				3F3A02EF23EAEB1E00DB1CF4 /* dingcorrect.wav */,
				3F3A02ED23EAEB1E00DB1CF4 /* dingwrong.wav */,
				3F3A02EE23EAEB1E00DB1CF4 /* shuffle.wav */,
			);
			path = Sounds;
			sourceTree = "<group>";
		};
		3F3A02F523EAEB3400DB1CF4 /* Frameworks */ = {
			isa = PBXGroup;
			children = (
				3F3A02F623EAEB3400DB1CF4 /* AVFoundation.framework */,
			);
			name = Frameworks;
			sourceTree = "<group>";
		};
		3F4247D023E9B73600358313 = {
			isa = PBXGroup;
			children = (
				3F4247DB23E9B73600358313 /* GameFlipCard */,
				3F4247DA23E9B73600358313 /* Products */,
				3F3A02F523EAEB3400DB1CF4 /* Frameworks */,
			);
			sourceTree = "<group>";
		};
		3F4247DA23E9B73600358313 /* Products */ = {
			isa = PBXGroup;
			children = (
				3F4247D923E9B73600358313 /* GameFlipCard.app */,
			);
			name = Products;
			sourceTree = "<group>";
		};
		3F4247DB23E9B73600358313 /* GameFlipCard */ = {
			isa = PBXGroup;
			children = (
				3F3A02EC23EAEB0800DB1CF4 /* Sounds */,
				3F4247DC23E9B73600358313 /* AppDelegate.swift */,
				3F4247DE23E9B73600358313 /* SceneDelegate.swift */,
				3F4247F623E9B93600358313 /* Models */,
				3F4247F023E9B88200358313 /* Views */,
				3F4247F123E9B88800358313 /* Controllers */,
				3F4247E523E9B73700358313 /* Assets.xcassets */,
				3F4247E723E9B73700358313 /* LaunchScreen.storyboard */,
				3F4247EA23E9B73800358313 /* Info.plist */,
			);
			path = GameFlipCard;
			sourceTree = "<group>";
		};
		3F4247F023E9B88200358313 /* Views */ = {
			isa = PBXGroup;
			children = (
				3F4247E223E9B73600358313 /* Main.storyboard */,
			);
			path = Views;
			sourceTree = "<group>";
		};
		3F4247F123E9B88800358313 /* Controllers */ = {
			isa = PBXGroup;
			children = (
				3F4247E023E9B73600358313 /* ViewController.swift */,
				3F4247F223E9B8B200358313 /* CardCollectionViewCell.swift */,
			);
			path = Controllers;
			sourceTree = "<group>";
		};
		3F4247F623E9B93600358313 /* Models */ = {
			isa = PBXGroup;
			children = (
				3F4247F723E9B94300358313 /* Card.swift */,
				3F4247F423E9B92700358313 /* CardModel.swift */,
				3F3A02F823EAEBB000DB1CF4 /* SoundManager.swift */,
			);
			path = Models;
			sourceTree = "<group>";
		};
/* End PBXGroup section */

/* Begin PBXNativeTarget section */
		3F4247D823E9B73600358313 /* GameFlipCard */ = {
			isa = PBXNativeTarget;
			buildConfigurationList = 3F4247ED23E9B73800358313 /* Build configuration list for PBXNativeTarget "GameFlipCard" */;
			buildPhases = (
				3F4247D523E9B73600358313 /* Sources */,
				3F4247D623E9B73600358313 /* Frameworks */,
				3F4247D723E9B73600358313 /* Resources */,
			);
			buildRules = (
			);
			dependencies = (
			);
			name = GameFlipCard;
			productName = GameFlipCard;
			productReference = 3F4247D923E9B73600358313 /* GameFlipCard.app */;
			productType = "com.apple.product-type.application";
		};
/* End PBXNativeTarget section */

/* Begin PBXProject section */
		3F4247D123E9B73600358313 /* Project object */ = {
			isa = PBXProject;
			attributes = {
				LastSwiftUpdateCheck = 1120;
				LastUpgradeCheck = 1120;
				ORGANIZATIONNAME = "Nguyen Duy anh";
				TargetAttributes = {
					3F4247D823E9B73600358313 = {
						CreatedOnToolsVersion = 11.2.1;
					};
				};
			};
			buildConfigurationList = 3F4247D423E9B73600358313 /* Build configuration list for PBXProject "GameFlipCard" */;
			compatibilityVersion = "Xcode 9.3";
			developmentRegion = en;
			hasScannedForEncodings = 0;
			knownRegions = (
				en,
				Base,
			);
			mainGroup = 3F4247D023E9B73600358313;
			productRefGroup = 3F4247DA23E9B73600358313 /* Products */;
			projectDirPath = "";
			projectRoot = "";
			targets = (
				3F4247D823E9B73600358313 /* GameFlipCard */,
			);
		};
/* End PBXProject section */

/* Begin PBXResourcesBuildPhase section */
		3F4247D723E9B73600358313 /* Resources */ = {
			isa = PBXResourcesBuildPhase;
			buildActionMask = 2147483647;
			files = (
				3F3A02F123EAEB1E00DB1CF4 /* dingwrong.wav in Resources */,
				3F4247E923E9B73800358313 /* LaunchScreen.storyboard in Resources */,
				3F4247E623E9B73700358313 /* Assets.xcassets in Resources */,
				3F3A02F423EAEB1E00DB1CF4 /* cardflip.wav in Resources */,
				3F4247E423E9B73600358313 /* Main.storyboard in Resources */,
				3F3A02F223EAEB1E00DB1CF4 /* shuffle.wav in Resources */,
				3F3A02F323EAEB1E00DB1CF4 /* dingcorrect.wav in Resources */,
			);
			runOnlyForDeploymentPostprocessing = 0;
		};
/* End PBXResourcesBuildPhase section */

/* Begin PBXSourcesBuildPhase section */
		3F4247D523E9B73600358313 /* Sources */ = {
			isa = PBXSourcesBuildPhase;
			buildActionMask = 2147483647;
			files = (
				3F4247F323E9B8B200358313 /* CardCollectionViewCell.swift in Sources */,
				3F4247F823E9B94300358313 /* Card.swift in Sources */,
				3F4247E123E9B73600358313 /* ViewController.swift in Sources */,
				3F4247DD23E9B73600358313 /* AppDelegate.swift in Sources */,
				3F4247DF23E9B73600358313 /* SceneDelegate.swift in Sources */,
				3F3A02F923EAEBB000DB1CF4 /* SoundManager.swift in Sources */,
				3F4247F523E9B92700358313 /* CardModel.swift in Sources */,
			);
			runOnlyForDeploymentPostprocessing = 0;
		};
/* End PBXSourcesBuildPhase section */

/* Begin PBXVariantGroup section */
		3F4247E223E9B73600358313 /* Main.storyboard */ = {
			isa = PBXVariantGroup;
			children = (
				3F4247E323E9B73600358313 /* Base */,
			);
			name = Main.storyboard;
			sourceTree = "<group>";
		};
		3F4247E723E9B73700358313 /* LaunchScreen.storyboard */ = {
			isa = PBXVariantGroup;
			children = (
				3F4247E823E9B73700358313 /* Base */,
			);
			name = LaunchScreen.storyboard;
			sourceTree = "<group>";
		};
/* End PBXVariantGroup section */

/* Begin XCBuildConfiguration section */
		3F4247EB23E9B73800358313 /* Debug */ = {
			isa = XCBuildConfiguration;
			buildSettings = {
				ALWAYS_SEARCH_USER_PATHS = NO;
				CLANG_ANALYZER_NONNULL = YES;
				CLANG_ANALYZER_NUMBER_OBJECT_CONVERSION = YES_AGGRESSIVE;
				CLANG_CXX_LANGUAGE_STANDARD = "gnu++14";
				CLANG_CXX_LIBRARY = "libc++";
				CLANG_ENABLE_MODULES = YES;
				CLANG_ENABLE_OBJC_ARC = YES;
				CLANG_ENABLE_OBJC_WEAK = YES;
				CLANG_WARN_BLOCK_CAPTURE_AUTORELEASING = YES;
				CLANG_WARN_BOOL_CONVERSION = YES;
				CLANG_WARN_COMMA = YES;
				CLANG_WARN_CONSTANT_CONVERSION = YES;
				CLANG_WARN_DEPRECATED_OBJC_IMPLEMENTATIONS = YES;
				CLANG_WARN_DIRECT_OBJC_ISA_USAGE = YES_ERROR;
				CLANG_WARN_DOCUMENTATION_COMMENTS = YES;
				CLANG_WARN_EMPTY_BODY = YES;
				CLANG_WARN_ENUM_CONVERSION = YES;
				CLANG_WARN_INFINITE_RECURSION = YES;
				CLANG_WARN_INT_CONVERSION = YES;
				CLANG_WARN_NON_LITERAL_NULL_CONVERSION = YES;
				CLANG_WARN_OBJC_IMPLICIT_RETAIN_SELF = YES;
				CLANG_WARN_OBJC_LITERAL_CONVERSION = YES;
				CLANG_WARN_OBJC_ROOT_CLASS = YES_ERROR;
				CLANG_WARN_RANGE_LOOP_ANALYSIS = YES;
				CLANG_WARN_STRICT_PROTOTYPES = YES;
				CLANG_WARN_SUSPICIOUS_MOVE = YES;
				CLANG_WARN_UNGUARDED_AVAILABILITY = YES_AGGRESSIVE;
				CLANG_WARN_UNREACHABLE_CODE = YES;
				CLANG_WARN__DUPLICATE_METHOD_MATCH = YES;
				COPY_PHASE_STRIP = NO;
				DEBUG_INFORMATION_FORMAT = dwarf;
				ENABLE_STRICT_OBJC_MSGSEND = YES;
				ENABLE_TESTABILITY = YES;
				GCC_C_LANGUAGE_STANDARD = gnu11;
				GCC_DYNAMIC_NO_PIC = NO;
				GCC_NO_COMMON_BLOCKS = YES;
				GCC_OPTIMIZATION_LEVEL = 0;
				GCC_PREPROCESSOR_DEFINITIONS = (
					"DEBUG=1",
					"$(inherited)",
				);
				GCC_WARN_64_TO_32_BIT_CONVERSION = YES;
				GCC_WARN_ABOUT_RETURN_TYPE = YES_ERROR;
				GCC_WARN_UNDECLARED_SELECTOR = YES;
				GCC_WARN_UNINITIALIZED_AUTOS = YES_AGGRESSIVE;
				GCC_WARN_UNUSED_FUNCTION = YES;
				GCC_WARN_UNUSED_VARIABLE = YES;
				IPHONEOS_DEPLOYMENT_TARGET = 13.2;
				MTL_ENABLE_DEBUG_INFO = INCLUDE_SOURCE;
				MTL_FAST_MATH = YES;
				ONLY_ACTIVE_ARCH = YES;
				SDKROOT = iphoneos;
				SWIFT_ACTIVE_COMPILATION_CONDITIONS = DEBUG;
				SWIFT_OPTIMIZATION_LEVEL = "-Onone";
			};
			name = Debug;
		};
		3F4247EC23E9B73800358313 /* Release */ = {
			isa = XCBuildConfiguration;
			buildSettings = {
				ALWAYS_SEARCH_USER_PATHS = NO;
				CLANG_ANALYZER_NONNULL = YES;
				CLANG_ANALYZER_NUMBER_OBJECT_CONVERSION = YES_AGGRESSIVE;
				CLANG_CXX_LANGUAGE_STANDARD = "gnu++14";
				CLANG_CXX_LIBRARY = "libc++";
				CLANG_ENABLE_MODULES = YES;
				CLANG_ENABLE_OBJC_ARC = YES;
				CLANG_ENABLE_OBJC_WEAK = YES;
				CLANG_WARN_BLOCK_CAPTURE_AUTORELEASING = YES;
				CLANG_WARN_BOOL_CONVERSION = YES;
				CLANG_WARN_COMMA = YES;
				CLANG_WARN_CONSTANT_CONVERSION = YES;
				CLANG_WARN_DEPRECATED_OBJC_IMPLEMENTATIONS = YES;
				CLANG_WARN_DIRECT_OBJC_ISA_USAGE = YES_ERROR;
				CLANG_WARN_DOCUMENTATION_COMMENTS = YES;
				CLANG_WARN_EMPTY_BODY = YES;
				CLANG_WARN_ENUM_CONVERSION = YES;
				CLANG_WARN_INFINITE_RECURSION = YES;
				CLANG_WARN_INT_CONVERSION = YES;
				CLANG_WARN_NON_LITERAL_NULL_CONVERSION = YES;
				CLANG_WARN_OBJC_IMPLICIT_RETAIN_SELF = YES;
				CLANG_WARN_OBJC_LITERAL_CONVERSION = YES;
				CLANG_WARN_OBJC_ROOT_CLASS = YES_ERROR;
				CLANG_WARN_RANGE_LOOP_ANALYSIS = YES;
				CLANG_WARN_STRICT_PROTOTYPES = YES;
				CLANG_WARN_SUSPICIOUS_MOVE = YES;
				CLANG_WARN_UNGUARDED_AVAILABILITY = YES_AGGRESSIVE;
				CLANG_WARN_UNREACHABLE_CODE = YES;
				CLANG_WARN__DUPLICATE_METHOD_MATCH = YES;
				COPY_PHASE_STRIP = NO;
				DEBUG_INFORMATION_FORMAT = "dwarf-with-dsym";
				ENABLE_NS_ASSERTIONS = NO;
				ENABLE_STRICT_OBJC_MSGSEND = YES;
				GCC_C_LANGUAGE_STANDARD = gnu11;
				GCC_NO_COMMON_BLOCKS = YES;
				GCC_WARN_64_TO_32_BIT_CONVERSION = YES;
				GCC_WARN_ABOUT_RETURN_TYPE = YES_ERROR;
				GCC_WARN_UNDECLARED_SELECTOR = YES;
				GCC_WARN_UNINITIALIZED_AUTOS = YES_AGGRESSIVE;
				GCC_WARN_UNUSED_FUNCTION = YES;
				GCC_WARN_UNUSED_VARIABLE = YES;
				IPHONEOS_DEPLOYMENT_TARGET = 13.2;
				MTL_ENABLE_DEBUG_INFO = NO;
				MTL_FAST_MATH = YES;
				SDKROOT = iphoneos;
				SWIFT_COMPILATION_MODE = wholemodule;
				SWIFT_OPTIMIZATION_LEVEL = "-O";
				VALIDATE_PRODUCT = YES;
			};
			name = Release;
		};
		3F4247EE23E9B73800358313 /* Debug */ = {
			isa = XCBuildConfiguration;
			buildSettings = {
				ASSETCATALOG_COMPILER_APPICON_NAME = AppIcon;
				CODE_SIGN_STYLE = Automatic;
				DEVELOPMENT_TEAM = 7WFTQRKAT6;
				INFOPLIST_FILE = GameFlipCard/Info.plist;
				LD_RUNPATH_SEARCH_PATHS = (
					"$(inherited)",
					"@executable_path/Frameworks",
				);
				PRODUCT_BUNDLE_IDENTIFIER = com.benho1512.GameFlipCard;
				PRODUCT_NAME = "$(TARGET_NAME)";
				SWIFT_VERSION = 5.0;
				TARGETED_DEVICE_FAMILY = "1,2";
			};
			name = Debug;
		};
		3F4247EF23E9B73800358313 /* Release */ = {
			isa = XCBuildConfiguration;
			buildSettings = {
				ASSETCATALOG_COMPILER_APPICON_NAME = AppIcon;
				CODE_SIGN_STYLE = Automatic;
				DEVELOPMENT_TEAM = 7WFTQRKAT6;
				INFOPLIST_FILE = GameFlipCard/Info.plist;
				LD_RUNPATH_SEARCH_PATHS = (
					"$(inherited)",
					"@executable_path/Frameworks",
				);
				PRODUCT_BUNDLE_IDENTIFIER = com.benho1512.GameFlipCard;
				PRODUCT_NAME = "$(TARGET_NAME)";
				SWIFT_VERSION = 5.0;
				TARGETED_DEVICE_FAMILY = "1,2";
			};
			name = Release;
		};
/* End XCBuildConfiguration section */

/* Begin XCConfigurationList section */
		3F4247D423E9B73600358313 /* Build configuration list for PBXProject "GameFlipCard" */ = {
			isa = XCConfigurationList;
			buildConfigurations = (
				3F4247EB23E9B73800358313 /* Debug */,
				3F4247EC23E9B73800358313 /* Release */,
			);
			defaultConfigurationIsVisible = 0;
			defaultConfigurationName = Release;
		};
		3F4247ED23E9B73800358313 /* Build configuration list for PBXNativeTarget "GameFlipCard" */ = {
			isa = XCConfigurationList;
			buildConfigurations = (
				3F4247EE23E9B73800358313 /* Debug */,
				3F4247EF23E9B73800358313 /* Release */,
			);
			defaultConfigurationIsVisible = 0;
			defaultConfigurationName = Release;
		};
/* End XCConfigurationList section */
	};
	rootObject = 3F4247D123E9B73600358313 /* Project object */;
}
